
Microsoft Visual Studio Solution File, Format Version 12.00
# Visual Studio Version 16
VisualStudioVersion = 16.0.30523.141
MinimumVisualStudioVersion = 10.0.40219.1
Project("{FAE04EC0-301F-11D3-BF4B-00C04F79EFBC}") = "DCardenasSemana3.Android", "DCardenasSemana3\DCardenasSemana3.Android\DCardenasSemana3.Android.csproj", "{DF9D97A8-3453-4119-BBCA-D3C03E90BB87}"
EndProject
Project("{FAE04EC0-301F-11D3-BF4B-00C04F79EFBC}") = "DCardenasSemana3.iOS", "DCardenasSemana3\DCardenasSemana3.iOS\DCardenasSemana3.iOS.csproj", "{60C02959-7DFC-4471-A26C-BBB52B69695E}"
EndProject
Project("{FAE04EC0-301F-11D3-BF4B-00C04F79EFBC}") = "DCardenasSemana3", "DCardenasSemana3\DCardenasSemana3\DCardenasSemana3.csproj", "{50FB9B47-6C70-452F-A029-60C9DF72F64C}"
EndProject
Global
	GlobalSection(SolutionConfigurationPlatforms) = preSolution
		Debug|Any CPU = Debug|Any CPU
		Debug|iPhone = Debug|iPhone
		Debug|iPhoneSimulator = Debug|iPhoneSimulator
		Release|Any CPU = Release|Any CPU
		Release|iPhone = Release|iPhone
		Release|iPhoneSimulator = Release|iPhoneSimulator
	EndGlobalSection
	GlobalSection(ProjectConfigurationPlatforms) = postSolution
		{DF9D97A8-3453-4119-BBCA-D3C03E90BB87}.Debug|Any CPU.ActiveCfg = Debug|Any CPU
		{DF9D97A8-3453-4119-BBCA-D3C03E90BB87}.Debug|Any CPU.Build.0 = Debug|Any CPU
		{DF9D97A8-3453-4119-BBCA-D3C03E90BB87}.Debug|Any CPU.Deploy.0 = Debug|Any CPU
		{DF9D97A8-3453-4119-BBCA-D3C03E90BB87}.Debug|iPhone.ActiveCfg = Debug|Any CPU
		{DF9D97A8-3453-4119-BBCA-D3C03E90BB87}.Debug|iPhone.Build.0 = Debug|Any CPU
		{DF9D97A8-3453-4119-BBCA-D3C03E90BB87}.Debug|iPhone.Deploy.0 = Debug|Any CPU
		{DF9D97A8-3453-4119-BBCA-D3C03E90BB87}.Debug|iPhoneSimulator.ActiveCfg = Debug|Any CPU
		{DF9D97A8-3453-4119-BBCA-D3C03E90BB87}.Debug|iPhoneSimulator.Build.0 = Debug|Any CPU
		{DF9D97A8-3453-4119-BBCA-D3C03E90BB87}.Debug|iPhoneSimulator.Deploy.0 = Debug|Any CPU
		{DF9D97A8-3453-4119-BBCA-D3C03E90BB87}.Release|Any CPU.ActiveCfg = Release|Any CPU
		{DF9D97A8-3453-4119-BBCA-D3C03E90BB87}.Release|Any CPU.Build.0 = Release|Any CPU
		{DF9D97A8-3453-4119-BBCA-D3C03E90BB87}.Release|Any CPU.Deploy.0 = Release|Any CPU
		{DF9D97A8-3453-4119-BBCA-D3C03E90BB87}.Release|iPhone.ActiveCfg = Release|Any CPU
		{DF9D97A8-3453-4119-BBCA-D3C03E90BB87}.Release|iPhone.Build.0 = Release|Any CPU
		{DF9D97A8-3453-4119-BBCA-D3C03E90BB87}.Release|iPhone.Deploy.0 = Release|Any CPU
		{DF9D97A8-3453-4119-BBCA-D3C03E90BB87}.Release|iPhoneSimulator.ActiveCfg = Release|Any CPU
		{DF9D97A8-3453-4119-BBCA-D3C03E90BB87}.Release|iPhoneSimulator.Build.0 = Release|Any CPU
		{DF9D97A8-3453-4119-BBCA-D3C03E90BB87}.Release|iPhoneSimulator.Deploy.0 = Release|Any CPU
		{60C02959-7DFC-4471-A26C-BBB52B69695E}.Debug|Any CPU.ActiveCfg = Debug|iPhone
		{60C02959-7DFC-4471-A26C-BBB52B69695E}.Debug|Any CPU.Build.0 = Debug|iPhone
		{60C02959-7DFC-4471-A26C-BBB52B69695E}.Debug|Any CPU.Deploy.0 = Debug|iPhone
		{60C02959-7DFC-4471-A26C-BBB52B69695E}.Debug|iPhone.ActiveCfg = Debug|iPhone
		{60C02959-7DFC-4471-A26C-BBB52B69695E}.Debug|iPhone.Build.0 = Debug|iPhone
		{60C02959-7DFC-4471-A26C-BBB52B69695E}.Debug|iPhone.Deploy.0 = Debug|iPhone
		{60C02959-7DFC-4471-A26C-BBB52B69695E}.Debug|iPhoneSimulator.ActiveCfg = Debug|iPhoneSimulator
		{60C02959-7DFC-4471-A26C-BBB52B69695E}.Debug|iPhoneSimulator.Build.0 = Debug|iPhoneSimulator
		{60C02959-7DFC-4471-A26C-BBB52B69695E}.Debug|iPhoneSimulator.Deploy.0 = Debug|iPhoneSimulator
		{60C02959-7DFC-4471-A26C-BBB52B69695E}.Release|Any CPU.ActiveCfg = Release|iPhoneSimulator
		{60C02959-7DFC-4471-A26C-BBB52B69695E}.Release|Any CPU.Build.0 = Release|iPhoneSimulator
		{60C02959-7DFC-4471-A26C-BBB52B69695E}.Release|Any CPU.Deploy.0 = Release|iPhoneSimulator
		{60C02959-7DFC-4471-A26C-BBB52B69695E}.Release|iPhone.ActiveCfg = Release|iPhone
		{60C02959-7DFC-4471-A26C-BBB52B69695E}.Release|iPhone.Build.0 = Release|iPhone
		{60C02959-7DFC-4471-A26C-BBB52B69695E}.Release|iPhone.Deploy.0 = Release|iPhone
		{60C02959-7DFC-4471-A26C-BBB52B69695E}.Release|iPhoneSimulator.ActiveCfg = Release|iPhoneSimulator
		{60C02959-7DFC-4471-A26C-BBB52B69695E}.Release|iPhoneSimulator.Build.0 = Release|iPhoneSimulator
		{60C02959-7DFC-4471-A26C-BBB52B69695E}.Release|iPhoneSimulator.Deploy.0 = Release|iPhoneSimulator
		{50FB9B47-6C70-452F-A029-60C9DF72F64C}.Debug|Any CPU.ActiveCfg = Debug|Any CPU
		{50FB9B47-6C70-452F-A029-60C9DF72F64C}.Debug|Any CPU.Build.0 = Debug|Any CPU
		{50FB9B47-6C70-452F-A029-60C9DF72F64C}.Debug|Any CPU.Deploy.0 = Debug|Any CPU
		{50FB9B47-6C70-452F-A029-60C9DF72F64C}.Debug|iPhone.ActiveCfg = Debug|Any CPU
		{50FB9B47-6C70-452F-A029-60C9DF72F64C}.Debug|iPhone.Build.0 = Debug|Any CPU
		{50FB9B47-6C70-452F-A029-60C9DF72F64C}.Debug|iPhone.Deploy.0 = Debug|Any CPU
		{50FB9B47-6C70-452F-A029-60C9DF72F64C}.Debug|iPhoneSimulator.ActiveCfg = Debug|Any CPU
		{50FB9B47-6C70-452F-A029-60C9DF72F64C}.Debug|iPhoneSimulator.Build.0 = Debug|Any CPU
		{50FB9B47-6C70-452F-A029-60C9DF72F64C}.Debug|iPhoneSimulator.Deploy.0 = Debug|Any CPU
		{50FB9B47-6C70-452F-A029-60C9DF72F64C}.Release|Any CPU.ActiveCfg = Release|Any CPU
		{50FB9B47-6C70-452F-A029-60C9DF72F64C}.Release|Any CPU.Build.0 = Release|Any CPU
		{50FB9B47-6C70-452F-A029-60C9DF72F64C}.Release|Any CPU.Deploy.0 = Release|Any CPU
		{50FB9B47-6C70-452F-A029-60C9DF72F64C}.Release|iPhone.ActiveCfg = Release|Any CPU
		{50FB9B47-6C70-452F-A029-60C9DF72F64C}.Release|iPhone.Build.0 = Release|Any CPU
		{50FB9B47-6C70-452F-A029-60C9DF72F64C}.Release|iPhone.Deploy.0 = Release|Any CPU
		{50FB9B47-6C70-452F-A029-60C9DF72F64C}.Release|iPhoneSimulator.ActiveCfg = Release|Any CPU
		{50FB9B47-6C70-452F-A029-60C9DF72F64C}.Release|iPhoneSimulator.Build.0 = Release|Any CPU
		{50FB9B47-6C70-452F-A029-60C9DF72F64C}.Release|iPhoneSimulator.Deploy.0 = Release|Any CPU
	EndGlobalSection
	GlobalSection(SolutionProperties) = preSolution
		HideSolutionNode = FALSE
	EndGlobalSection
	GlobalSection(ExtensibilityGlobals) = postSolution
		SolutionGuid = {A51F0B09-759F-4648-8574-80EF0276AFF7}
	EndGlobalSection
EndGlobal
